// !$*UTF8*$!
{
	archiveVersion = 1;
	classes = {
	};
	objectVersion = 56;
	objects = {

/* Begin PBXBuildFile section */
		27ABAD0B2B80F0C2008654CF /* AppDelegate.swift in Sources */ = {isa = PBXBuildFile; fileRef = 27ABAD0A2B80F0C2008654CF /* AppDelegate.swift */; };
		27ABAD0D2B80F0C2008654CF /* SceneDelegate.swift in Sources */ = {isa = PBXBuildFile; fileRef = 27ABAD0C2B80F0C2008654CF /* SceneDelegate.swift */; };
		27ABAD0F2B80F0C2008654CF /* ViewController.swift in Sources */ = {isa = PBXBuildFile; fileRef = 27ABAD0E2B80F0C2008654CF /* ViewController.swift */; };
		27ABAD122B80F0C2008654CF /* Main.storyboard in Resources */ = {isa = PBXBuildFile; fileRef = 27ABAD102B80F0C2008654CF /* Main.storyboard */; };
		27ABAD142B80F0C3008654CF /* Assets.xcassets in Resources */ = {isa = PBXBuildFile; fileRef = 27ABAD132B80F0C3008654CF /* Assets.xcassets */; };
		27ABAD172B80F0C3008654CF /* LaunchScreen.storyboard in Resources */ = {isa = PBXBuildFile; fileRef = 27ABAD152B80F0C3008654CF /* LaunchScreen.storyboard */; };
		DC124AE82B8330FC00279E36 /* Lottie in Frameworks */ = {isa = PBXBuildFile; productRef = DC124AE72B8330FC00279E36 /* Lottie */; };
		DC124AEA2B833C8500279E36 /* UIColor+Extension.swift in Sources */ = {isa = PBXBuildFile; fileRef = DC124AE92B833C8500279E36 /* UIColor+Extension.swift */; };
		DCA2AAA32B84968B00AF50E4 /* PortakaTableViewCell.swift in Sources */ = {isa = PBXBuildFile; fileRef = DCA2AAA22B84968B00AF50E4 /* PortakaTableViewCell.swift */; };
		DCA2AAA52B8498AB00AF50E4 /* SecondCell.swift in Sources */ = {isa = PBXBuildFile; fileRef = DCA2AAA42B8498AB00AF50E4 /* SecondCell.swift */; };
		DCA2AAAA2B849BC100AF50E4 /* CustomCell.swift in Sources */ = {isa = PBXBuildFile; fileRef = DCA2AAA82B849BC100AF50E4 /* CustomCell.swift */; };
		DCA2AAAB2B849BC100AF50E4 /* CustomCell.xib in Resources */ = {isa = PBXBuildFile; fileRef = DCA2AAA92B849BC100AF50E4 /* CustomCell.xib */; };
		DCA2AAAD2B84A4BA00AF50E4 /* MainViewModel.swift in Sources */ = {isa = PBXBuildFile; fileRef = DCA2AAAC2B84A4BA00AF50E4 /* MainViewModel.swift */; };
		DCA2AAAF2B85F4A900AF50E4 /* BaseViewController.swift in Sources */ = {isa = PBXBuildFile; fileRef = DCA2AAAE2B85F4A900AF50E4 /* BaseViewController.swift */; };
/* End PBXBuildFile section */

/* Begin PBXFileReference section */
		27ABAD072B80F0C2008654CF /* AzLayout.app */ = {isa = PBXFileReference; explicitFileType = wrapper.application; includeInIndex = 0; path = AzLayout.app; sourceTree = BUILT_PRODUCTS_DIR; };
		27ABAD0A2B80F0C2008654CF /* AppDelegate.swift */ = {isa = PBXFileReference; lastKnownFileType = sourcecode.swift; path = AppDelegate.swift; sourceTree = "<group>"; };
		27ABAD0C2B80F0C2008654CF /* SceneDelegate.swift */ = {isa = PBXFileReference; lastKnownFileType = sourcecode.swift; path = SceneDelegate.swift; sourceTree = "<group>"; };
		27ABAD0E2B80F0C2008654CF /* ViewController.swift */ = {isa = PBXFileReference; lastKnownFileType = sourcecode.swift; path = ViewController.swift; sourceTree = "<group>"; };
		27ABAD112B80F0C2008654CF /* Base */ = {isa = PBXFileReference; lastKnownFileType = file.storyboard; name = Base; path = Base.lproj/Main.storyboard; sourceTree = "<group>"; };
		27ABAD132B80F0C3008654CF /* Assets.xcassets */ = {isa = PBXFileReference; lastKnownFileType = folder.assetcatalog; path = Assets.xcassets; sourceTree = "<group>"; };
		27ABAD162B80F0C3008654CF /* Base */ = {isa = PBXFileReference; lastKnownFileType = file.storyboard; name = Base; path = Base.lproj/LaunchScreen.storyboard; sourceTree = "<group>"; };
		27ABAD182B80F0C3008654CF /* Info.plist */ = {isa = PBXFileReference; lastKnownFileType = text.plist.xml; path = Info.plist; sourceTree = "<group>"; };
		DC124AE92B833C8500279E36 /* UIColor+Extension.swift */ = {isa = PBXFileReference; lastKnownFileType = sourcecode.swift; path = "UIColor+Extension.swift"; sourceTree = "<group>"; };
		DCA2AAA22B84968B00AF50E4 /* PortakaTableViewCell.swift */ = {isa = PBXFileReference; lastKnownFileType = sourcecode.swift; path = PortakaTableViewCell.swift; sourceTree = "<group>"; };
		DCA2AAA42B8498AB00AF50E4 /* SecondCell.swift */ = {isa = PBXFileReference; lastKnownFileType = sourcecode.swift; path = SecondCell.swift; sourceTree = "<group>"; };
		DCA2AAA82B849BC100AF50E4 /* CustomCell.swift */ = {isa = PBXFileReference; lastKnownFileType = sourcecode.swift; path = CustomCell.swift; sourceTree = "<group>"; };
		DCA2AAA92B849BC100AF50E4 /* CustomCell.xib */ = {isa = PBXFileReference; lastKnownFileType = file.xib; path = CustomCell.xib; sourceTree = "<group>"; };
		DCA2AAAC2B84A4BA00AF50E4 /* MainViewModel.swift */ = {isa = PBXFileReference; lastKnownFileType = sourcecode.swift; path = MainViewModel.swift; sourceTree = "<group>"; };
		DCA2AAAE2B85F4A900AF50E4 /* BaseViewController.swift */ = {isa = PBXFileReference; lastKnownFileType = sourcecode.swift; path = BaseViewController.swift; sourceTree = "<group>"; };
/* End PBXFileReference section */

/* Begin PBXFrameworksBuildPhase section */
		27ABAD042B80F0C2008654CF /* Frameworks */ = {
			isa = PBXFrameworksBuildPhase;
			buildActionMask = 2147483647;
			files = (
				DC124AE82B8330FC00279E36 /* Lottie in Frameworks */,
			);
			runOnlyForDeploymentPostprocessing = 0;
		};
/* End PBXFrameworksBuildPhase section */

/* Begin PBXGroup section */
		27ABACFE2B80F0C2008654CF = {
			isa = PBXGroup;
			children = (
				27ABAD092B80F0C2008654CF /* AzLayout */,
				27ABAD082B80F0C2008654CF /* Products */,
			);
			sourceTree = "<group>";
		};
		27ABAD082B80F0C2008654CF /* Products */ = {
			isa = PBXGroup;
			children = (
				27ABAD072B80F0C2008654CF /* AzLayout.app */,
			);
			name = Products;
			sourceTree = "<group>";
		};
		27ABAD092B80F0C2008654CF /* AzLayout */ = {
			isa = PBXGroup;
			children = (
				27ABAD0A2B80F0C2008654CF /* AppDelegate.swift */,
				27ABAD0C2B80F0C2008654CF /* SceneDelegate.swift */,
				27ABAD0E2B80F0C2008654CF /* ViewController.swift */,
				DCA2AAAC2B84A4BA00AF50E4 /* MainViewModel.swift */,
				DC124AE92B833C8500279E36 /* UIColor+Extension.swift */,
				DCA2AAA22B84968B00AF50E4 /* PortakaTableViewCell.swift */,
				DCA2AAA42B8498AB00AF50E4 /* SecondCell.swift */,
				DCA2AAAE2B85F4A900AF50E4 /* BaseViewController.swift */,
				27ABAD102B80F0C2008654CF /* Main.storyboard */,
				DCA2AAA82B849BC100AF50E4 /* CustomCell.swift */,
				DCA2AAA92B849BC100AF50E4 /* CustomCell.xib */,
				27ABAD132B80F0C3008654CF /* Assets.xcassets */,
				27ABAD152B80F0C3008654CF /* LaunchScreen.storyboard */,
				27ABAD182B80F0C3008654CF /* Info.plist */,
			);
			path = AzLayout;
			sourceTree = "<group>";
		};
/* End PBXGroup section */

/* Begin PBXNativeTarget section */
		27ABAD062B80F0C2008654CF /* AzLayout */ = {
			isa = PBXNativeTarget;
			buildConfigurationList = 27ABAD1B2B80F0C3008654CF /* Build configuration list for PBXNativeTarget "AzLayout" */;
			buildPhases = (
				27ABAD032B80F0C2008654CF /* Sources */,
				27ABAD042B80F0C2008654CF /* Frameworks */,
				27ABAD052B80F0C2008654CF /* Resources */,
			);
			buildRules = (
			);
			dependencies = (
			);
			name = AzLayout;
			packageProductDependencies = (
				DC124AE72B8330FC00279E36 /* Lottie */,
			);
			productName = AzLayout;
			productReference = 27ABAD072B80F0C2008654CF /* AzLayout.app */;
			productType = "com.apple.product-type.application";
		};
/* End PBXNativeTarget section */

/* Begin PBXProject section */
		27ABACFF2B80F0C2008654CF /* Project object */ = {
			isa = PBXProject;
			attributes = {
				BuildIndependentTargetsInParallel = 1;
				LastSwiftUpdateCheck = 1520;
				LastUpgradeCheck = 1520;
				TargetAttributes = {
					27ABAD062B80F0C2008654CF = {
						CreatedOnToolsVersion = 15.2;
					};
				};
			};
			buildConfigurationList = 27ABAD022B80F0C2008654CF /* Build configuration list for PBXProject "AzLayout" */;
			compatibilityVersion = "Xcode 14.0";
			developmentRegion = en;
			hasScannedForEncodings = 0;
			knownRegions = (
				en,
				Base,
			);
			mainGroup = 27ABACFE2B80F0C2008654CF;
			packageReferences = (
				DC124AE62B8330FC00279E36 /* XCRemoteSwiftPackageReference "lottie-spm" */,
			);
			productRefGroup = 27ABAD082B80F0C2008654CF /* Products */;
			projectDirPath = "";
			projectRoot = "";
			targets = (
				27ABAD062B80F0C2008654CF /* AzLayout */,
			);
		};
/* End PBXProject section */

/* Begin PBXResourcesBuildPhase section */
		27ABAD052B80F0C2008654CF /* Resources */ = {
			isa = PBXResourcesBuildPhase;
			buildActionMask = 2147483647;
			files = (
				27ABAD172B80F0C3008654CF /* LaunchScreen.storyboard in Resources */,
				27ABAD142B80F0C3008654CF /* Assets.xcassets in Resources */,
				DCA2AAAB2B849BC100AF50E4 /* CustomCell.xib in Resources */,
				27ABAD122B80F0C2008654CF /* Main.storyboard in Resources */,
			);
			runOnlyForDeploymentPostprocessing = 0;
		};
/* End PBXResourcesBuildPhase section */

/* Begin PBXSourcesBuildPhase section */
		27ABAD032B80F0C2008654CF /* Sources */ = {
			isa = PBXSourcesBuildPhase;
			buildActionMask = 2147483647;
			files = (
				27ABAD0F2B80F0C2008654CF /* ViewController.swift in Sources */,
				DCA2AAA52B8498AB00AF50E4 /* SecondCell.swift in Sources */,
				27ABAD0B2B80F0C2008654CF /* AppDelegate.swift in Sources */,
				27ABAD0D2B80F0C2008654CF /* SceneDelegate.swift in Sources */,
				DCA2AAA32B84968B00AF50E4 /* PortakaTableViewCell.swift in Sources */,
				DCA2AAAF2B85F4A900AF50E4 /* BaseViewController.swift in Sources */,
				DCA2AAAA2B849BC100AF50E4 /* CustomCell.swift in Sources */,
				DC124AEA2B833C8500279E36 /* UIColor+Extension.swift in Sources */,
				DCA2AAAD2B84A4BA00AF50E4 /* MainViewModel.swift in Sources */,
			);
			runOnlyForDeploymentPostprocessing = 0;
		};
/* End PBXSourcesBuildPhase section */

/* Begin PBXVariantGroup section */
		27ABAD102B80F0C2008654CF /* Main.storyboard */ = {
			isa = PBXVariantGroup;
			children = (
				27ABAD112B80F0C2008654CF /* Base */,
			);
			name = Main.storyboard;
			sourceTree = "<group>";
		};
		27ABAD152B80F0C3008654CF /* LaunchScreen.storyboard */ = {
			isa = PBXVariantGroup;
			children = (
				27ABAD162B80F0C3008654CF /* Base */,
			);
			name = LaunchScreen.storyboard;
			sourceTree = "<group>";
		};
/* End PBXVariantGroup section */

/* Begin XCBuildConfiguration section */
		27ABAD192B80F0C3008654CF /* Debug */ = {
			isa = XCBuildConfiguration;
			buildSettings = {
				ALWAYS_SEARCH_USER_PATHS = NO;
				ASSETCATALOG_COMPILER_GENERATE_SWIFT_ASSET_SYMBOL_EXTENSIONS = YES;
				CLANG_ANALYZER_NONNULL = YES;
				CLANG_ANALYZER_NUMBER_OBJECT_CONVERSION = YES_AGGRESSIVE;
				CLANG_CXX_LANGUAGE_STANDARD = "gnu++20";
				CLANG_ENABLE_MODULES = YES;
				CLANG_ENABLE_OBJC_ARC = YES;
				CLANG_ENABLE_OBJC_WEAK = YES;
				CLANG_WARN_BLOCK_CAPTURE_AUTORELEASING = YES;
				CLANG_WARN_BOOL_CONVERSION = YES;
				CLANG_WARN_COMMA = YES;
				CLANG_WARN_CONSTANT_CONVERSION = YES;
				CLANG_WARN_DEPRECATED_OBJC_IMPLEMENTATIONS = YES;
				CLANG_WARN_DIRECT_OBJC_ISA_USAGE = YES_ERROR;
				CLANG_WARN_DOCUMENTATION_COMMENTS = YES;
				CLANG_WARN_EMPTY_BODY = YES;
				CLANG_WARN_ENUM_CONVERSION = YES;
				CLANG_WARN_INFINITE_RECURSION = YES;
				CLANG_WARN_INT_CONVERSION = YES;
				CLANG_WARN_NON_LITERAL_NULL_CONVERSION = YES;
				CLANG_WARN_OBJC_IMPLICIT_RETAIN_SELF = YES;
				CLANG_WARN_OBJC_LITERAL_CONVERSION = YES;
				CLANG_WARN_OBJC_ROOT_CLASS = YES_ERROR;
				CLANG_WARN_QUOTED_INCLUDE_IN_FRAMEWORK_HEADER = YES;
				CLANG_WARN_RANGE_LOOP_ANALYSIS = YES;
				CLANG_WARN_STRICT_PROTOTYPES = YES;
				CLANG_WARN_SUSPICIOUS_MOVE = YES;
				CLANG_WARN_UNGUARDED_AVAILABILITY = YES_AGGRESSIVE;
				CLANG_WARN_UNREACHABLE_CODE = YES;
				CLANG_WARN__DUPLICATE_METHOD_MATCH = YES;
				COPY_PHASE_STRIP = NO;
				DEBUG_INFORMATION_FORMAT = dwarf;
				ENABLE_STRICT_OBJC_MSGSEND = YES;
				ENABLE_TESTABILITY = YES;
				ENABLE_USER_SCRIPT_SANDBOXING = YES;
				GCC_C_LANGUAGE_STANDARD = gnu17;
				GCC_DYNAMIC_NO_PIC = NO;
				GCC_NO_COMMON_BLOCKS = YES;
				GCC_OPTIMIZATION_LEVEL = 0;
				GCC_PREPROCESSOR_DEFINITIONS = (
					"DEBUG=1",
					"$(inherited)",
				);
				GCC_WARN_64_TO_32_BIT_CONVERSION = YES;
				GCC_WARN_ABOUT_RETURN_TYPE = YES_ERROR;
				GCC_WARN_UNDECLARED_SELECTOR = YES;
				GCC_WARN_UNINITIALIZED_AUTOS = YES_AGGRESSIVE;
				GCC_WARN_UNUSED_FUNCTION = YES;
				GCC_WARN_UNUSED_VARIABLE = YES;
				IPHONEOS_DEPLOYMENT_TARGET = 17.2;
				LOCALIZATION_PREFERS_STRING_CATALOGS = YES;
				MTL_ENABLE_DEBUG_INFO = INCLUDE_SOURCE;
				MTL_FAST_MATH = YES;
				ONLY_ACTIVE_ARCH = YES;
				SDKROOT = iphoneos;
				SWIFT_ACTIVE_COMPILATION_CONDITIONS = "DEBUG $(inherited)";
				SWIFT_OPTIMIZATION_LEVEL = "-Onone";
			};
			name = Debug;
		};
		27ABAD1A2B80F0C3008654CF /* Release */ = {
			isa = XCBuildConfiguration;
			buildSettings = {
				ALWAYS_SEARCH_USER_PATHS = NO;
				ASSETCATALOG_COMPILER_GENERATE_SWIFT_ASSET_SYMBOL_EXTENSIONS = YES;
				CLANG_ANALYZER_NONNULL = YES;
				CLANG_ANALYZER_NUMBER_OBJECT_CONVERSION = YES_AGGRESSIVE;
				CLANG_CXX_LANGUAGE_STANDARD = "gnu++20";
				CLANG_ENABLE_MODULES = YES;
				CLANG_ENABLE_OBJC_ARC = YES;
				CLANG_ENABLE_OBJC_WEAK = YES;
				CLANG_WARN_BLOCK_CAPTURE_AUTORELEASING = YES;
				CLANG_WARN_BOOL_CONVERSION = YES;
				CLANG_WARN_COMMA = YES;
				CLANG_WARN_CONSTANT_CONVERSION = YES;
				CLANG_WARN_DEPRECATED_OBJC_IMPLEMENTATIONS = YES;
				CLANG_WARN_DIRECT_OBJC_ISA_USAGE = YES_ERROR;
				CLANG_WARN_DOCUMENTATION_COMMENTS = YES;
				CLANG_WARN_EMPTY_BODY = YES;
				CLANG_WARN_ENUM_CONVERSION = YES;
				CLANG_WARN_INFINITE_RECURSION = YES;
				CLANG_WARN_INT_CONVERSION = YES;
				CLANG_WARN_NON_LITERAL_NULL_CONVERSION = YES;
				CLANG_WARN_OBJC_IMPLICIT_RETAIN_SELF = YES;
				CLANG_WARN_OBJC_LITERAL_CONVERSION = YES;
				CLANG_WARN_OBJC_ROOT_CLASS = YES_ERROR;
				CLANG_WARN_QUOTED_INCLUDE_IN_FRAMEWORK_HEADER = YES;
				CLANG_WARN_RANGE_LOOP_ANALYSIS = YES;
				CLANG_WARN_STRICT_PROTOTYPES = YES;
				CLANG_WARN_SUSPICIOUS_MOVE = YES;
				CLANG_WARN_UNGUARDED_AVAILABILITY = YES_AGGRESSIVE;
				CLANG_WARN_UNREACHABLE_CODE = YES;
				CLANG_WARN__DUPLICATE_METHOD_MATCH = YES;
				COPY_PHASE_STRIP = NO;
				DEBUG_INFORMATION_FORMAT = "dwarf-with-dsym";
				ENABLE_NS_ASSERTIONS = NO;
				ENABLE_STRICT_OBJC_MSGSEND = YES;
				ENABLE_USER_SCRIPT_SANDBOXING = YES;
				GCC_C_LANGUAGE_STANDARD = gnu17;
				GCC_NO_COMMON_BLOCKS = YES;
				GCC_WARN_64_TO_32_BIT_CONVERSION = YES;
				GCC_WARN_ABOUT_RETURN_TYPE = YES_ERROR;
				GCC_WARN_UNDECLARED_SELECTOR = YES;
				GCC_WARN_UNINITIALIZED_AUTOS = YES_AGGRESSIVE;
				GCC_WARN_UNUSED_FUNCTION = YES;
				GCC_WARN_UNUSED_VARIABLE = YES;
				IPHONEOS_DEPLOYMENT_TARGET = 17.2;
				LOCALIZATION_PREFERS_STRING_CATALOGS = YES;
				MTL_ENABLE_DEBUG_INFO = NO;
				MTL_FAST_MATH = YES;
				SDKROOT = iphoneos;
				SWIFT_COMPILATION_MODE = wholemodule;
				VALIDATE_PRODUCT = YES;
			};
			name = Release;
		};
		27ABAD1C2B80F0C3008654CF /* Debug */ = {
			isa = XCBuildConfiguration;
			buildSettings = {
				ASSETCATALOG_COMPILER_APPICON_NAME = AppIcon;
				ASSETCATALOG_COMPILER_GLOBAL_ACCENT_COLOR_NAME = AccentColor;
				CODE_SIGN_STYLE = Automatic;
				CURRENT_PROJECT_VERSION = 1;
				DEVELOPMENT_TEAM = MBMB6B6ZAQ;
				GENERATE_INFOPLIST_FILE = YES;
				INFOPLIST_FILE = AzLayout/Info.plist;
				INFOPLIST_KEY_UIApplicationSupportsIndirectInputEvents = YES;
				INFOPLIST_KEY_UILaunchStoryboardName = LaunchScreen;
				INFOPLIST_KEY_UIMainStoryboardFile = Main;
				INFOPLIST_KEY_UISupportedInterfaceOrientations_iPad = "UIInterfaceOrientationPortrait UIInterfaceOrientationPortraitUpsideDown UIInterfaceOrientationLandscapeLeft UIInterfaceOrientationLandscapeRight";
				INFOPLIST_KEY_UISupportedInterfaceOrientations_iPhone = "UIInterfaceOrientationPortrait UIInterfaceOrientationLandscapeLeft UIInterfaceOrientationLandscapeRight";
				LD_RUNPATH_SEARCH_PATHS = (
					"$(inherited)",
					"@executable_path/Frameworks",
				);
				MARKETING_VERSION = 1.0;
				PRODUCT_BUNDLE_IDENTIFIER = com.az.AzLayout;
				PRODUCT_NAME = "$(TARGET_NAME)";
				SWIFT_EMIT_LOC_STRINGS = YES;
				SWIFT_VERSION = 5.0;
				TARGETED_DEVICE_FAMILY = "1,2";
			};
			name = Debug;
		};
		27ABAD1D2B80F0C3008654CF /* Release */ = {
			isa = XCBuildConfiguration;
			buildSettings = {
				ASSETCATALOG_COMPILER_APPICON_NAME = AppIcon;
				ASSETCATALOG_COMPILER_GLOBAL_ACCENT_COLOR_NAME = AccentColor;
				CODE_SIGN_STYLE = Automatic;
				CURRENT_PROJECT_VERSION = 1;
				DEVELOPMENT_TEAM = MBMB6B6ZAQ;
				GENERATE_INFOPLIST_FILE = YES;
				INFOPLIST_FILE = AzLayout/Info.plist;
				INFOPLIST_KEY_UIApplicationSupportsIndirectInputEvents = YES;
				INFOPLIST_KEY_UILaunchStoryboardName = LaunchScreen;
				INFOPLIST_KEY_UIMainStoryboardFile = Main;
				INFOPLIST_KEY_UISupportedInterfaceOrientations_iPad = "UIInterfaceOrientationPortrait UIInterfaceOrientationPortraitUpsideDown UIInterfaceOrientationLandscapeLeft UIInterfaceOrientationLandscapeRight";
				INFOPLIST_KEY_UISupportedInterfaceOrientations_iPhone = "UIInterfaceOrientationPortrait UIInterfaceOrientationLandscapeLeft UIInterfaceOrientationLandscapeRight";
				LD_RUNPATH_SEARCH_PATHS = (
					"$(inherited)",
					"@executable_path/Frameworks",
				);
				MARKETING_VERSION = 1.0;
				PRODUCT_BUNDLE_IDENTIFIER = com.az.AzLayout;
				PRODUCT_NAME = "$(TARGET_NAME)";
				SWIFT_EMIT_LOC_STRINGS = YES;
				SWIFT_VERSION = 5.0;
				TARGETED_DEVICE_FAMILY = "1,2";
			};
			name = Release;
		};
/* End XCBuildConfiguration section */

/* Begin XCConfigurationList section */
		27ABAD022B80F0C2008654CF /* Build configuration list for PBXProject "AzLayout" */ = {
			isa = XCConfigurationList;
			buildConfigurations = (
				27ABAD192B80F0C3008654CF /* Debug */,
				27ABAD1A2B80F0C3008654CF /* Release */,
			);
			defaultConfigurationIsVisible = 0;
			defaultConfigurationName = Release;
		};
		27ABAD1B2B80F0C3008654CF /* Build configuration list for PBXNativeTarget "AzLayout" */ = {
			isa = XCConfigurationList;
			buildConfigurations = (
				27ABAD1C2B80F0C3008654CF /* Debug */,
				27ABAD1D2B80F0C3008654CF /* Release */,
			);
			defaultConfigurationIsVisible = 0;
			defaultConfigurationName = Release;
		};
/* End XCConfigurationList section */

/* Begin XCRemoteSwiftPackageReference section */
		DC124AE62B8330FC00279E36 /* XCRemoteSwiftPackageReference "lottie-spm" */ = {
			isa = XCRemoteSwiftPackageReference;
			repositoryURL = "https://github.com/airbnb/lottie-spm.git";
			requirement = {
				kind = upToNextMajorVersion;
				minimumVersion = 4.4.0;
			};
		};
/* End XCRemoteSwiftPackageReference section */

/* Begin XCSwiftPackageProductDependency section */
		DC124AE72B8330FC00279E36 /* Lottie */ = {
			isa = XCSwiftPackageProductDependency;
			package = DC124AE62B8330FC00279E36 /* XCRemoteSwiftPackageReference "lottie-spm" */;
			productName = Lottie;
		};
/* End XCSwiftPackageProductDependency section */
	};
	rootObject = 27ABACFF2B80F0C2008654CF /* Project object */;
}
